
Microsoft Visual Studio Solution File, Format Version 12.00
# Visual Studio Version 17
VisualStudioVersion = 17.0.31919.166
MinimumVisualStudioVersion = 10.0.40219.1
Project("{FAE04EC0-301F-11D3-BF4B-00C04F79EFBC}") = "QuickFlattener", "QuickFlattener\QuickFlattener.csproj", "{92782407-9DA7-4DB0-AE53-F53E8E6878CD}"
EndProject
Project("{FAE04EC0-301F-11D3-BF4B-00C04F79EFBC}") = "QuickFlattener.Logging", "QuickFlattener.Logging\QuickFlattener.Logging.csproj", "{2E6D42AC-D00B-4278-90B7-13B5BB72E9A5}"
EndProject
Project("{FAE04EC0-301F-11D3-BF4B-00C04F79EFBC}") = "QuickFlattener.Flattening", "QuickFlattener.Flattening\QuickFlattener.Flattening.csproj", "{2E7419DB-9298-4EFC-87F6-85715E31F175}"
EndProject
Project("{FAE04EC0-301F-11D3-BF4B-00C04F79EFBC}") = "QuickFlattener.Tokenization", "QuickFlattener.Tokenization\QuickFlattener.Tokenization.csproj", "{338F4105-9E07-484B-8590-4EB4D5776903}"
EndProject
Global
	GlobalSection(SolutionConfigurationPlatforms) = preSolution
		Debug|Any CPU = Debug|Any CPU
		Release|Any CPU = Release|Any CPU
	EndGlobalSection
	GlobalSection(ProjectConfigurationPlatforms) = postSolution
		{92782407-9DA7-4DB0-AE53-F53E8E6878CD}.Debug|Any CPU.ActiveCfg = Debug|Any CPU
		{92782407-9DA7-4DB0-AE53-F53E8E6878CD}.Debug|Any CPU.Build.0 = Debug|Any CPU
		{92782407-9DA7-4DB0-AE53-F53E8E6878CD}.Release|Any CPU.ActiveCfg = Release|Any CPU
		{92782407-9DA7-4DB0-AE53-F53E8E6878CD}.Release|Any CPU.Build.0 = Release|Any CPU
		{2E6D42AC-D00B-4278-90B7-13B5BB72E9A5}.Debug|Any CPU.ActiveCfg = Debug|Any CPU
		{2E6D42AC-D00B-4278-90B7-13B5BB72E9A5}.Debug|Any CPU.Build.0 = Debug|Any CPU
		{2E6D42AC-D00B-4278-90B7-13B5BB72E9A5}.Release|Any CPU.ActiveCfg = Release|Any CPU
		{2E6D42AC-D00B-4278-90B7-13B5BB72E9A5}.Release|Any CPU.Build.0 = Release|Any CPU
		{2E7419DB-9298-4EFC-87F6-85715E31F175}.Debug|Any CPU.ActiveCfg = Debug|Any CPU
		{2E7419DB-9298-4EFC-87F6-85715E31F175}.Debug|Any CPU.Build.0 = Debug|Any CPU
		{2E7419DB-9298-4EFC-87F6-85715E31F175}.Release|Any CPU.ActiveCfg = Release|Any CPU
		{2E7419DB-9298-4EFC-87F6-85715E31F175}.Release|Any CPU.Build.0 = Release|Any CPU
		{338F4105-9E07-484B-8590-4EB4D5776903}.Debug|Any CPU.ActiveCfg = Debug|Any CPU
		{338F4105-9E07-484B-8590-4EB4D5776903}.Debug|Any CPU.Build.0 = Debug|Any CPU
		{338F4105-9E07-484B-8590-4EB4D5776903}.Release|Any CPU.ActiveCfg = Release|Any CPU
		{338F4105-9E07-484B-8590-4EB4D5776903}.Release|Any CPU.Build.0 = Release|Any CPU
	EndGlobalSection
	GlobalSection(SolutionProperties) = preSolution
		HideSolutionNode = FALSE
	EndGlobalSection
	GlobalSection(ExtensibilityGlobals) = postSolution
		SolutionGuid = {FFDF3451-335B-4885-8FC2-FEDAC280E011}
	EndGlobalSection
EndGlobal
